// !$*UTF8*$!
{
	archiveVersion = 1;
	classes = {
	};
	objectVersion = 46;
	objects = {

/* Begin PBXBuildFile section */
		DD121E1C14637A9600E97E8C /* EventDetailViewController.m in Sources */ = {isa = PBXBuildFile; fileRef = DD121E1A14637A9600E97E8C /* EventDetailViewController.m */; };
		DD121E1D14637A9600E97E8C /* EventDetailViewController.xib in Resources */ = {isa = PBXBuildFile; fileRef = DD121E1B14637A9600E97E8C /* EventDetailViewController.xib */; };
		DD121E25146458D700E97E8C /* EventPlayerViewController.m in Sources */ = {isa = PBXBuildFile; fileRef = DD121E23146458D700E97E8C /* EventPlayerViewController.m */; };
		DD121E26146458D700E97E8C /* EventPlayerViewController.xib in Resources */ = {isa = PBXBuildFile; fileRef = DD121E24146458D700E97E8C /* EventPlayerViewController.xib */; };
		DD121E2914646DA600E97E8C /* Player.m in Sources */ = {isa = PBXBuildFile; fileRef = DD121E2814646DA600E97E8C /* Player.m */; };
		DD121E2C14646E6F00E97E8C /* EventPlayer.m in Sources */ = {isa = PBXBuildFile; fileRef = DD121E2B14646E6E00E97E8C /* EventPlayer.m */; };
		DD121E2F1464725500E97E8C /* XMLEventPlayerParser.m in Sources */ = {isa = PBXBuildFile; fileRef = DD121E2E1464725500E97E8C /* XMLEventPlayerParser.m */; };
		DD121E4C1464BB5600E97E8C /* ok.png in Resources */ = {isa = PBXBuildFile; fileRef = DD121E491464BB5600E97E8C /* ok.png */; };
		DD121E4D1464BB5600E97E8C /* none.png in Resources */ = {isa = PBXBuildFile; fileRef = DD121E4A1464BB5600E97E8C /* none.png */; };
		DD121E4E1464BB5600E97E8C /* nok.png in Resources */ = {isa = PBXBuildFile; fileRef = DD121E4B1464BB5600E97E8C /* nok.png */; };
		DD121E5714657B9900E97E8C /* preferences.png in Resources */ = {isa = PBXBuildFile; fileRef = DD121E5614657B9900E97E8C /* preferences.png */; };
		DD121E6014657F5200E97E8C /* ConfigViewController.m in Sources */ = {isa = PBXBuildFile; fileRef = DD121E5E14657F5100E97E8C /* ConfigViewController.m */; };
		DD121E6114657F5200E97E8C /* ConfigViewController.xib in Resources */ = {isa = PBXBuildFile; fileRef = DD121E5F14657F5200E97E8C /* ConfigViewController.xib */; };
		DD121E661466CC1700E97E8C /* EventCommentViewController.m in Sources */ = {isa = PBXBuildFile; fileRef = DD121E641466CC1600E97E8C /* EventCommentViewController.m */; };
		DD121E671466CC1700E97E8C /* EventCommentViewController.xib in Resources */ = {isa = PBXBuildFile; fileRef = DD121E651466CC1600E97E8C /* EventCommentViewController.xib */; };
		DD1EC37C1468A3570050D5D3 /* nokH.png in Resources */ = {isa = PBXBuildFile; fileRef = DD1EC3791468A3570050D5D3 /* nokH.png */; };
		DD1EC37D1468A3570050D5D3 /* noneH.png in Resources */ = {isa = PBXBuildFile; fileRef = DD1EC37A1468A3570050D5D3 /* noneH.png */; };
		DD1EC37E1468A3570050D5D3 /* okH.png in Resources */ = {isa = PBXBuildFile; fileRef = DD1EC37B1468A3570050D5D3 /* okH.png */; };
		DD2A07E11447AA5A003FB740 /* UIKit.framework in Frameworks */ = {isa = PBXBuildFile; fileRef = DD2A07E01447AA5A003FB740 /* UIKit.framework */; };
		DD2A07E31447AA5A003FB740 /* Foundation.framework in Frameworks */ = {isa = PBXBuildFile; fileRef = DD2A07E21447AA5A003FB740 /* Foundation.framework */; };
		DD2A07E51447AA5A003FB740 /* CoreGraphics.framework in Frameworks */ = {isa = PBXBuildFile; fileRef = DD2A07E41447AA5A003FB740 /* CoreGraphics.framework */; };
		DD2A07ED1447AA5A003FB740 /* main.m in Sources */ = {isa = PBXBuildFile; fileRef = DD2A07EC1447AA5A003FB740 /* main.m */; };
		DD2A07F11447AA5A003FB740 /* iRankAppDelegate.m in Sources */ = {isa = PBXBuildFile; fileRef = DD2A07F01447AA5A003FB740 /* iRankAppDelegate.m */; };
		DD2A08051447AA8E003FB740 /* Default.png in Resources */ = {isa = PBXBuildFile; fileRef = DD2A08041447AA8E003FB740 /* Default.png */; };
		DD2A08071447AA91003FB740 /* Default@2x.png in Resources */ = {isa = PBXBuildFile; fileRef = DD2A08061447AA91003FB740 /* Default@2x.png */; };
		DD2A08141447AD41003FB740 /* logo.png in Resources */ = {isa = PBXBuildFile; fileRef = DD2A08131447AD41003FB740 /* logo.png */; };
		DD2A94671447CCF5007CCDF1 /* SBJson.framework in Frameworks */ = {isa = PBXBuildFile; fileRef = DD2A94661447CCF5007CCDF1 /* SBJson.framework */; };
		DD354F4C145CE0F50035E31B /* background.png in Resources */ = {isa = PBXBuildFile; fileRef = DD354F4B145CE0F50035E31B /* background.png */; };
		DD386EF514759E9E00221C24 /* EventResultDetailViewController.m in Sources */ = {isa = PBXBuildFile; fileRef = DD386EF414759E9E00221C24 /* EventResultDetailViewController.m */; };
		DD386EFF1475E36000221C24 /* EventViewController.m in Sources */ = {isa = PBXBuildFile; fileRef = DD386EFD1475E36000221C24 /* EventViewController.m */; };
		DD386F001475E36000221C24 /* EventViewController.xib in Resources */ = {isa = PBXBuildFile; fileRef = DD386EFE1475E36000221C24 /* EventViewController.xib */; };
		DD40A14414813A1900EE116C /* creditBackground.png in Resources */ = {isa = PBXBuildFile; fileRef = DD40A14314813A1900EE116C /* creditBackground.png */; };
		DD40A14814813B5700EE116C /* newaiLogo.png in Resources */ = {isa = PBXBuildFile; fileRef = DD40A14714813B5700EE116C /* newaiLogo.png */; };
		DD40A14F14814CF000EE116C /* ELCTextfieldCell.m in Sources */ = {isa = PBXBuildFile; fileRef = DD40A14E14814CF000EE116C /* ELCTextfieldCell.m */; };
		DD40A15314814EA800EE116C /* SignViewController.m in Sources */ = {isa = PBXBuildFile; fileRef = DD40A15114814EA600EE116C /* SignViewController.m */; };
		DD40A15414814EA800EE116C /* SignViewController.xib in Resources */ = {isa = PBXBuildFile; fileRef = DD40A15214814EA700EE116C /* SignViewController.xib */; };
		DD40A15C1482C44100EE116C /* SystemConfiguration.framework in Frameworks */ = {isa = PBXBuildFile; fileRef = DD40A15A1482C43300EE116C /* SystemConfiguration.framework */; };
		DD45039E14C7B7240035DF5D /* Reachability.m in Sources */ = {isa = PBXBuildFile; fileRef = DD45039D14C7B7240035DF5D /* Reachability.m */; };
		DD4503B814C7B8380035DF5D /* NSObject+SBJson.m in Sources */ = {isa = PBXBuildFile; fileRef = DD4503A014C7B8380035DF5D /* NSObject+SBJson.m */; };
		DD4503B914C7B8380035DF5D /* SBJsonParser.m in Sources */ = {isa = PBXBuildFile; fileRef = DD4503A314C7B8380035DF5D /* SBJsonParser.m */; };
		DD4503BA14C7B8380035DF5D /* SBJsonStreamParser.m in Sources */ = {isa = PBXBuildFile; fileRef = DD4503A514C7B8380035DF5D /* SBJsonStreamParser.m */; };
		DD4503BB14C7B8380035DF5D /* SBJsonStreamParserAccumulator.m in Sources */ = {isa = PBXBuildFile; fileRef = DD4503A714C7B8380035DF5D /* SBJsonStreamParserAccumulator.m */; };
		DD4503BC14C7B8380035DF5D /* SBJsonStreamParserAdapter.m in Sources */ = {isa = PBXBuildFile; fileRef = DD4503A914C7B8380035DF5D /* SBJsonStreamParserAdapter.m */; };
		DD4503BD14C7B8380035DF5D /* SBJsonStreamParserState.m in Sources */ = {isa = PBXBuildFile; fileRef = DD4503AB14C7B8380035DF5D /* SBJsonStreamParserState.m */; };
		DD4503BE14C7B8380035DF5D /* SBJsonStreamWriter.m in Sources */ = {isa = PBXBuildFile; fileRef = DD4503AD14C7B8380035DF5D /* SBJsonStreamWriter.m */; };
		DD4503BF14C7B8380035DF5D /* SBJsonStreamWriterAccumulator.m in Sources */ = {isa = PBXBuildFile; fileRef = DD4503AF14C7B8380035DF5D /* SBJsonStreamWriterAccumulator.m */; };
		DD4503C014C7B8380035DF5D /* SBJsonStreamWriterState.m in Sources */ = {isa = PBXBuildFile; fileRef = DD4503B114C7B8380035DF5D /* SBJsonStreamWriterState.m */; };
		DD4503C114C7B8380035DF5D /* SBJsonTokeniser.m in Sources */ = {isa = PBXBuildFile; fileRef = DD4503B314C7B8380035DF5D /* SBJsonTokeniser.m */; };
		DD4503C214C7B8380035DF5D /* SBJsonUTF8Stream.m in Sources */ = {isa = PBXBuildFile; fileRef = DD4503B514C7B8380035DF5D /* SBJsonUTF8Stream.m */; };
		DD4503C314C7B8380035DF5D /* SBJsonWriter.m in Sources */ = {isa = PBXBuildFile; fileRef = DD4503B714C7B8380035DF5D /* SBJsonWriter.m */; };
		DD7CCF3614D488390091BC0E /* MainWindow.xib in Resources */ = {isa = PBXBuildFile; fileRef = DD7CCF3514D488390091BC0E /* MainWindow.xib */; };
		DD85E17E1474843300D83223 /* EventResultViewController.m in Sources */ = {isa = PBXBuildFile; fileRef = DD85E17C1474843300D83223 /* EventResultViewController.m */; };
		DD85E17F1474843300D83223 /* EventResultViewController.xib in Resources */ = {isa = PBXBuildFile; fileRef = DD85E17D1474843300D83223 /* EventResultViewController.xib */; };
		DD895D3B1460BDA900203286 /* LoginViewController.m in Sources */ = {isa = PBXBuildFile; fileRef = DD895D391460BDA900203286 /* LoginViewController.m */; };
		DD895D3C1460BDA900203286 /* LoginViewController.xib in Resources */ = {isa = PBXBuildFile; fileRef = DD895D3A1460BDA900203286 /* LoginViewController.xib */; };
		DD895D54146209EB00203286 /* Event.m in Sources */ = {isa = PBXBuildFile; fileRef = DD895D53146209EB00203286 /* Event.m */; };
		DD895D5B146215C200203286 /* XMLEventParser.m in Sources */ = {isa = PBXBuildFile; fileRef = DD895D5A146215C200203286 /* XMLEventParser.m */; };
		DD895D7814D44CA400AEF372 /* HomeViewController.m in Sources */ = {isa = PBXBuildFile; fileRef = DD895D7914D44CA400AEF372 /* HomeViewController.m */; };
		DD895D7F14D452C300AEF372 /* HomeViewController.xib in Resources */ = {isa = PBXBuildFile; fileRef = DD895D8014D452C300AEF372 /* HomeViewController.xib */; };
		DD895D8914D456FF00AEF372 /* Localizable.strings in Resources */ = {isa = PBXBuildFile; fileRef = DD895D8714D456FF00AEF372 /* Localizable.strings */; };
		DD895D8B14D4570F00AEF372 /* Localizable.strings in Resources */ = {isa = PBXBuildFile; fileRef = DD895D8714D456FF00AEF372 /* Localizable.strings */; };
		DD8CBE75148AE716005467A8 /* RankingViewController.m in Sources */ = {isa = PBXBuildFile; fileRef = DD8CBE73148AE716005467A8 /* RankingViewController.m */; };
		DD8CBE76148AE716005467A8 /* RankingViewController.xib in Resources */ = {isa = PBXBuildFile; fileRef = DD8CBE74148AE716005467A8 /* RankingViewController.xib */; };
		DD8CBE7A148AEBA7005467A8 /* Ranking.m in Sources */ = {isa = PBXBuildFile; fileRef = DD8CBE79148AEBA7005467A8 /* Ranking.m */; };
		DD8CBE7D148AED1B005467A8 /* XMLRankingParser.m in Sources */ = {isa = PBXBuildFile; fileRef = DD8CBE7C148AED1B005467A8 /* XMLRankingParser.m */; };
		DD8CBE81148B09A2005467A8 /* RankingDetailViewController.m in Sources */ = {isa = PBXBuildFile; fileRef = DD8CBE7F148B09A1005467A8 /* RankingDetailViewController.m */; };
		DD8CBE82148B09A2005467A8 /* RankingDetailViewController.xib in Resources */ = {isa = PBXBuildFile; fileRef = DD8CBE80148B09A2005467A8 /* RankingDetailViewController.xib */; };
		DD8CBE87148B0F3D005467A8 /* RankingPlayerViewController.xib in Resources */ = {isa = PBXBuildFile; fileRef = DD8CBE85148B0F3D005467A8 /* RankingPlayerViewController.xib */; };
		DD8CBE8A148B101B005467A8 /* RankingPlayer.m in Sources */ = {isa = PBXBuildFile; fileRef = DD8CBE89148B101B005467A8 /* RankingPlayer.m */; };
		DD8CBE8D148B15C9005467A8 /* XMLRankingPlayerParser.m in Sources */ = {isa = PBXBuildFile; fileRef = DD8CBE8C148B15C9005467A8 /* XMLRankingPlayerParser.m */; };
		DD8DD3761448FDC80063D735 /* homeTop.png in Resources */ = {isa = PBXBuildFile; fileRef = DD8DD3751448FDC80063D735 /* homeTop.png */; };
		DD8DD39D1449FC1D0063D735 /* home.png in Resources */ = {isa = PBXBuildFile; fileRef = DD8DD39C1449FC1D0063D735 /* home.png */; };
		DD8DD3A11449FC650063D735 /* events.png in Resources */ = {isa = PBXBuildFile; fileRef = DD8DD39E1449FC650063D735 /* events.png */; };
		DD8DD3A21449FC650063D735 /* rankings.png in Resources */ = {isa = PBXBuildFile; fileRef = DD8DD39F1449FC650063D735 /* rankings.png */; };
		DD8DD3A31449FC650063D735 /* photos.png in Resources */ = {isa = PBXBuildFile; fileRef = DD8DD3A01449FC650063D735 /* photos.png */; };
		DD9D8543146EDA98005B2FD5 /* aboutHeader.png in Resources */ = {isa = PBXBuildFile; fileRef = DD9D8542146EDA98005B2FD5 /* aboutHeader.png */; };
		DD9D8545146F6191005B2FD5 /* alert.png in Resources */ = {isa = PBXBuildFile; fileRef = DD9D8544146F6191005B2FD5 /* alert.png */; };
		DD9ED0AB147B07B2001B5B32 /* camera.png in Resources */ = {isa = PBXBuildFile; fileRef = DD9ED0AA147B07B2001B5B32 /* camera.png */; };
		DD9ED0AF147B11CE001B5B32 /* XMLEventPhotoParser.m in Sources */ = {isa = PBXBuildFile; fileRef = DD9ED0AE147B11CE001B5B32 /* XMLEventPhotoParser.m */; };
		DD9ED0B2147B12B9001B5B32 /* EventPhoto.m in Sources */ = {isa = PBXBuildFile; fileRef = DD9ED0B1147B12B9001B5B32 /* EventPhoto.m */; };
		DD9ED0B9147B3751001B5B32 /* ImageCache.m in Sources */ = {isa = PBXBuildFile; fileRef = DD9ED0B8147B3751001B5B32 /* ImageCache.m */; };
		DD9ED0BC147B375D001B5B32 /* FileHelpers.m in Sources */ = {isa = PBXBuildFile; fileRef = DD9ED0BB147B375C001B5B32 /* FileHelpers.m */; };
		DDB2A465148D931F004BB986 /* AccountViewController.m in Sources */ = {isa = PBXBuildFile; fileRef = DDB2A463148D931F004BB986 /* AccountViewController.m */; };
		DDB2A466148D931F004BB986 /* AccountViewController.xib in Resources */ = {isa = PBXBuildFile; fileRef = DDB2A464148D931F004BB986 /* AccountViewController.xib */; };
		DDB2E2DC148B20C500676FD2 /* RankingPlayerViewController.m in Sources */ = {isa = PBXBuildFile; fileRef = DDB2E2DB148B20C500676FD2 /* RankingPlayerViewController.m */; };
		DDB2E2E4148B2C4B00676FD2 /* calendar.png in Resources */ = {isa = PBXBuildFile; fileRef = DDB2E2E3148B2C4B00676FD2 /* calendar.png */; };
		DDB2E2E6148B2C8500676FD2 /* stopwatch.png in Resources */ = {isa = PBXBuildFile; fileRef = DDB2E2E5148B2C8500676FD2 /* stopwatch.png */; };
		DDB2E2EE148C1F5900676FD2 /* AddPlayerViewController.m in Sources */ = {isa = PBXBuildFile; fileRef = DDB2E2EC148C1F5900676FD2 /* AddPlayerViewController.m */; };
		DDB2E2EF148C1F5900676FD2 /* AddPlayerViewController.xib in Resources */ = {isa = PBXBuildFile; fileRef = DDB2E2ED148C1F5900676FD2 /* AddPlayerViewController.xib */; };
		DDCD83621470135600000D85 /* EventResultSaveViewController.m in Sources */ = {isa = PBXBuildFile; fileRef = DDCD83601470135600000D85 /* EventResultSaveViewController.m */; };
		DDCD83631470135600000D85 /* EventResultSaveViewController.xib in Resources */ = {isa = PBXBuildFile; fileRef = DDCD83611470135600000D85 /* EventResultSaveViewController.xib */; };
		DDCD8367147021F000000D85 /* plus.png in Resources */ = {isa = PBXBuildFile; fileRef = DDCD8365147021F000000D85 /* plus.png */; };
		DDCD8368147021F000000D85 /* minus.png in Resources */ = {isa = PBXBuildFile; fileRef = DDCD8366147021F000000D85 /* minus.png */; };
		DDCDCB0814D093B90026C1B3 /* EventEditViewController.m in Sources */ = {isa = PBXBuildFile; fileRef = DDCDCB0614D093B90026C1B3 /* EventEditViewController.m */; };
		DDCDCB0914D093B90026C1B3 /* EventEditViewController.xib in Resources */ = {isa = PBXBuildFile; fileRef = DDCDCB0714D093B90026C1B3 /* EventEditViewController.xib */; };
		DDD3C53E1475F11900263ABD /* PhotoViewController.m in Sources */ = {isa = PBXBuildFile; fileRef = DDD3C53C1475F11900263ABD /* PhotoViewController.m */; };
		DDD3C53F1475F11900263ABD /* PhotoViewController.xib in Resources */ = {isa = PBXBuildFile; fileRef = DDD3C53D1475F11900263ABD /* PhotoViewController.xib */; };
		DDFEB35314C7BF1A006D7F65 /* icon.png in Resources */ = {isa = PBXBuildFile; fileRef = DD2A08001447AA89003FB740 /* icon.png */; };
		DDFEB35414C7BF42006D7F65 /* iconRetina.png in Resources */ = {isa = PBXBuildFile; fileRef = DD2A08021447AA8B003FB740 /* iconRetina.png */; };
/* End PBXBuildFile section */

/* Begin PBXFileReference section */
		DD121E1914637A9600E97E8C /* EventDetailViewController.h */ = {isa = PBXFileReference; fileEncoding = 4; lastKnownFileType = sourcecode.c.h; path = EventDetailViewController.h; sourceTree = "<group>"; };
		DD121E1A14637A9600E97E8C /* EventDetailViewController.m */ = {isa = PBXFileReference; fileEncoding = 4; lastKnownFileType = sourcecode.c.objc; path = EventDetailViewController.m; sourceTree = "<group>"; };
		DD121E1B14637A9600E97E8C /* EventDetailViewController.xib */ = {isa = PBXFileReference; fileEncoding = 4; lastKnownFileType = file.xib; path = EventDetailViewController.xib; sourceTree = "<group>"; };
		DD121E22146458D700E97E8C /* EventPlayerViewController.h */ = {isa = PBXFileReference; fileEncoding = 4; lastKnownFileType = sourcecode.c.h; path = EventPlayerViewController.h; sourceTree = "<group>"; };
		DD121E23146458D700E97E8C /* EventPlayerViewController.m */ = {isa = PBXFileReference; fileEncoding = 4; lastKnownFileType = sourcecode.c.objc; path = EventPlayerViewController.m; sourceTree = "<group>"; };
		DD121E24146458D700E97E8C /* EventPlayerViewController.xib */ = {isa = PBXFileReference; fileEncoding = 4; lastKnownFileType = file.xib; path = EventPlayerViewController.xib; sourceTree = "<group>"; };
		DD121E2714646DA600E97E8C /* Player.h */ = {isa = PBXFileReference; fileEncoding = 4; lastKnownFileType = sourcecode.c.h; path = Player.h; sourceTree = "<group>"; };
		DD121E2814646DA600E97E8C /* Player.m */ = {isa = PBXFileReference; fileEncoding = 4; lastKnownFileType = sourcecode.c.objc; path = Player.m; sourceTree = "<group>"; };
		DD121E2A14646E6E00E97E8C /* EventPlayer.h */ = {isa = PBXFileReference; fileEncoding = 4; lastKnownFileType = sourcecode.c.h; path = EventPlayer.h; sourceTree = "<group>"; };
		DD121E2B14646E6E00E97E8C /* EventPlayer.m */ = {isa = PBXFileReference; fileEncoding = 4; lastKnownFileType = sourcecode.c.objc; path = EventPlayer.m; sourceTree = "<group>"; };
		DD121E2D1464725500E97E8C /* XMLEventPlayerParser.h */ = {isa = PBXFileReference; fileEncoding = 4; lastKnownFileType = sourcecode.c.h; path = XMLEventPlayerParser.h; sourceTree = "<group>"; };
		DD121E2E1464725500E97E8C /* XMLEventPlayerParser.m */ = {isa = PBXFileReference; fileEncoding = 4; lastKnownFileType = sourcecode.c.objc; path = XMLEventPlayerParser.m; sourceTree = "<group>"; };
		DD121E491464BB5600E97E8C /* ok.png */ = {isa = PBXFileReference; lastKnownFileType = image.png; path = ok.png; sourceTree = "<group>"; };
		DD121E4A1464BB5600E97E8C /* none.png */ = {isa = PBXFileReference; lastKnownFileType = image.png; path = none.png; sourceTree = "<group>"; };
		DD121E4B1464BB5600E97E8C /* nok.png */ = {isa = PBXFileReference; lastKnownFileType = image.png; path = nok.png; sourceTree = "<group>"; };
		DD121E5614657B9900E97E8C /* preferences.png */ = {isa = PBXFileReference; lastKnownFileType = image.png; path = preferences.png; sourceTree = "<group>"; };
		DD121E5D14657F5100E97E8C /* ConfigViewController.h */ = {isa = PBXFileReference; fileEncoding = 4; lastKnownFileType = sourcecode.c.h; path = ConfigViewController.h; sourceTree = "<group>"; };
		DD121E5E14657F5100E97E8C /* ConfigViewController.m */ = {isa = PBXFileReference; fileEncoding = 4; lastKnownFileType = sourcecode.c.objc; path = ConfigViewController.m; sourceTree = "<group>"; };
		DD121E5F14657F5200E97E8C /* ConfigViewController.xib */ = {isa = PBXFileReference; fileEncoding = 4; lastKnownFileType = file.xib; path = ConfigViewController.xib; sourceTree = "<group>"; };
		DD121E631466CC1600E97E8C /* EventCommentViewController.h */ = {isa = PBXFileReference; fileEncoding = 4; lastKnownFileType = sourcecode.c.h; path = EventCommentViewController.h; sourceTree = "<group>"; };
		DD121E641466CC1600E97E8C /* EventCommentViewController.m */ = {isa = PBXFileReference; fileEncoding = 4; lastKnownFileType = sourcecode.c.objc; path = EventCommentViewController.m; sourceTree = "<group>"; };
		DD121E651466CC1600E97E8C /* EventCommentViewController.xib */ = {isa = PBXFileReference; fileEncoding = 4; lastKnownFileType = file.xib; path = EventCommentViewController.xib; sourceTree = "<group>"; };
		DD1EC3791468A3570050D5D3 /* nokH.png */ = {isa = PBXFileReference; lastKnownFileType = image.png; name = nokH.png; path = iRank/nokH.png; sourceTree = "<group>"; };
		DD1EC37A1468A3570050D5D3 /* noneH.png */ = {isa = PBXFileReference; lastKnownFileType = image.png; name = noneH.png; path = iRank/noneH.png; sourceTree = "<group>"; };
		DD1EC37B1468A3570050D5D3 /* okH.png */ = {isa = PBXFileReference; lastKnownFileType = image.png; name = okH.png; path = iRank/okH.png; sourceTree = "<group>"; };
		DD2A07DC1447AA5A003FB740 /* iRank.app */ = {isa = PBXFileReference; explicitFileType = wrapper.application; includeInIndex = 0; path = iRank.app; sourceTree = BUILT_PRODUCTS_DIR; };
		DD2A07E01447AA5A003FB740 /* UIKit.framework */ = {isa = PBXFileReference; lastKnownFileType = wrapper.framework; name = UIKit.framework; path = System/Library/Frameworks/UIKit.framework; sourceTree = SDKROOT; };
		DD2A07E21447AA5A003FB740 /* Foundation.framework */ = {isa = PBXFileReference; lastKnownFileType = wrapper.framework; name = Foundation.framework; path = System/Library/Frameworks/Foundation.framework; sourceTree = SDKROOT; };
		DD2A07E41447AA5A003FB740 /* CoreGraphics.framework */ = {isa = PBXFileReference; lastKnownFileType = wrapper.framework; name = CoreGraphics.framework; path = System/Library/Frameworks/CoreGraphics.framework; sourceTree = SDKROOT; };
		DD2A07E81447AA5A003FB740 /* iRank-Info.plist */ = {isa = PBXFileReference; lastKnownFileType = text.plist.xml; path = "iRank-Info.plist"; sourceTree = "<group>"; };
		DD2A07EC1447AA5A003FB740 /* main.m */ = {isa = PBXFileReference; lastKnownFileType = sourcecode.c.objc; path = main.m; sourceTree = "<group>"; };
		DD2A07EE1447AA5A003FB740 /* iRank-Prefix.pch */ = {isa = PBXFileReference; lastKnownFileType = sourcecode.c.h; path = "iRank-Prefix.pch"; sourceTree = "<group>"; };
		DD2A07EF1447AA5A003FB740 /* iRankAppDelegate.h */ = {isa = PBXFileReference; lastKnownFileType = sourcecode.c.h; path = iRankAppDelegate.h; sourceTree = "<group>"; };
		DD2A07F01447AA5A003FB740 /* iRankAppDelegate.m */ = {isa = PBXFileReference; lastKnownFileType = sourcecode.c.objc; path = iRankAppDelegate.m; sourceTree = "<group>"; };
		DD2A08001447AA89003FB740 /* icon.png */ = {isa = PBXFileReference; lastKnownFileType = image.png; path = icon.png; sourceTree = "<group>"; };
		DD2A08021447AA8B003FB740 /* iconRetina.png */ = {isa = PBXFileReference; lastKnownFileType = image.png; path = iconRetina.png; sourceTree = "<group>"; };
		DD2A08041447AA8E003FB740 /* Default.png */ = {isa = PBXFileReference; lastKnownFileType = image.png; path = Default.png; sourceTree = "<group>"; };
		DD2A08061447AA91003FB740 /* Default@2x.png */ = {isa = PBXFileReference; lastKnownFileType = image.png; path = "Default@2x.png"; sourceTree = "<group>"; };
		DD2A080A1447AC9E003FB740 /* Default.png */ = {isa = PBXFileReference; lastKnownFileType = image.png; path = Default.png; sourceTree = "<group>"; };
		DD2A08131447AD41003FB740 /* logo.png */ = {isa = PBXFileReference; lastKnownFileType = image.png; path = logo.png; sourceTree = "<group>"; };
		DD2A94661447CCF5007CCDF1 /* SBJson.framework */ = {isa = PBXFileReference; lastKnownFileType = wrapper.framework; path = SBJson.framework; sourceTree = "<group>"; };
		DD354F4B145CE0F50035E31B /* background.png */ = {isa = PBXFileReference; lastKnownFileType = image.png; name = background.png; path = iRank/background.png; sourceTree = "<group>"; };
		DD386EF314759E9E00221C24 /* EventResultDetailViewController.h */ = {isa = PBXFileReference; fileEncoding = 4; lastKnownFileType = sourcecode.c.h; path = EventResultDetailViewController.h; sourceTree = "<group>"; };
		DD386EF414759E9E00221C24 /* EventResultDetailViewController.m */ = {isa = PBXFileReference; fileEncoding = 4; lastKnownFileType = sourcecode.c.objc; path = EventResultDetailViewController.m; sourceTree = "<group>"; };
		DD386EFC1475E36000221C24 /* EventViewController.h */ = {isa = PBXFileReference; fileEncoding = 4; lastKnownFileType = sourcecode.c.h; path = EventViewController.h; sourceTree = "<group>"; };
		DD386EFD1475E36000221C24 /* EventViewController.m */ = {isa = PBXFileReference; fileEncoding = 4; lastKnownFileType = sourcecode.c.objc; path = EventViewController.m; sourceTree = "<group>"; };
		DD386EFE1475E36000221C24 /* EventViewController.xib */ = {isa = PBXFileReference; fileEncoding = 4; lastKnownFileType = file.xib; path = EventViewController.xib; sourceTree = "<group>"; };
		DD40A14314813A1900EE116C /* creditBackground.png */ = {isa = PBXFileReference; lastKnownFileType = image.png; path = creditBackground.png; sourceTree = "<group>"; };
		DD40A14714813B5700EE116C /* newaiLogo.png */ = {isa = PBXFileReference; lastKnownFileType = image.png; path = newaiLogo.png; sourceTree = "<group>"; };
		DD40A14D14814CF000EE116C /* ELCTextfieldCell.h */ = {isa = PBXFileReference; fileEncoding = 4; lastKnownFileType = sourcecode.c.h; path = ELCTextfieldCell.h; sourceTree = "<group>"; };
		DD40A14E14814CF000EE116C /* ELCTextfieldCell.m */ = {isa = PBXFileReference; fileEncoding = 4; lastKnownFileType = sourcecode.c.objc; path = ELCTextfieldCell.m; sourceTree = "<group>"; };
		DD40A15014814EA500EE116C /* SignViewController.h */ = {isa = PBXFileReference; fileEncoding = 4; lastKnownFileType = sourcecode.c.h; path = SignViewController.h; sourceTree = "<group>"; };
		DD40A15114814EA600EE116C /* SignViewController.m */ = {isa = PBXFileReference; fileEncoding = 4; lastKnownFileType = sourcecode.c.objc; path = SignViewController.m; sourceTree = "<group>"; };
		DD40A15214814EA700EE116C /* SignViewController.xib */ = {isa = PBXFileReference; fileEncoding = 4; lastKnownFileType = file.xib; path = SignViewController.xib; sourceTree = "<group>"; };
		DD40A15A1482C43300EE116C /* SystemConfiguration.framework */ = {isa = PBXFileReference; lastKnownFileType = wrapper.framework; name = SystemConfiguration.framework; path = System/Library/Frameworks/SystemConfiguration.framework; sourceTree = SDKROOT; };
		DD45039C14C7B7240035DF5D /* Reachability.h */ = {isa = PBXFileReference; fileEncoding = 4; lastKnownFileType = sourcecode.c.h; path = Reachability.h; sourceTree = "<group>"; };
		DD45039D14C7B7240035DF5D /* Reachability.m */ = {isa = PBXFileReference; fileEncoding = 4; lastKnownFileType = sourcecode.c.objc; path = Reachability.m; sourceTree = "<group>"; };
		DD45039F14C7B8380035DF5D /* NSObject+SBJson.h */ = {isa = PBXFileReference; fileEncoding = 4; lastKnownFileType = sourcecode.c.h; path = "NSObject+SBJson.h"; sourceTree = "<group>"; };
		DD4503A014C7B8380035DF5D /* NSObject+SBJson.m */ = {isa = PBXFileReference; fileEncoding = 4; lastKnownFileType = sourcecode.c.objc; path = "NSObject+SBJson.m"; sourceTree = "<group>"; };
		DD4503A114C7B8380035DF5D /* SBJson.h */ = {isa = PBXFileReference; fileEncoding = 4; lastKnownFileType = sourcecode.c.h; path = SBJson.h; sourceTree = "<group>"; };
		DD4503A214C7B8380035DF5D /* SBJsonParser.h */ = {isa = PBXFileReference; fileEncoding = 4; lastKnownFileType = sourcecode.c.h; path = SBJsonParser.h; sourceTree = "<group>"; };
		DD4503A314C7B8380035DF5D /* SBJsonParser.m */ = {isa = PBXFileReference; fileEncoding = 4; lastKnownFileType = sourcecode.c.objc; path = SBJsonParser.m; sourceTree = "<group>"; };
		DD4503A414C7B8380035DF5D /* SBJsonStreamParser.h */ = {isa = PBXFileReference; fileEncoding = 4; lastKnownFileType = sourcecode.c.h; path = SBJsonStreamParser.h; sourceTree = "<group>"; };
		DD4503A514C7B8380035DF5D /* SBJsonStreamParser.m */ = {isa = PBXFileReference; fileEncoding = 4; lastKnownFileType = sourcecode.c.objc; path = SBJsonStreamParser.m; sourceTree = "<group>"; };
		DD4503A614C7B8380035DF5D /* SBJsonStreamParserAccumulator.h */ = {isa = PBXFileReference; fileEncoding = 4; lastKnownFileType = sourcecode.c.h; path = SBJsonStreamParserAccumulator.h; sourceTree = "<group>"; };
		DD4503A714C7B8380035DF5D /* SBJsonStreamParserAccumulator.m */ = {isa = PBXFileReference; fileEncoding = 4; lastKnownFileType = sourcecode.c.objc; path = SBJsonStreamParserAccumulator.m; sourceTree = "<group>"; };
		DD4503A814C7B8380035DF5D /* SBJsonStreamParserAdapter.h */ = {isa = PBXFileReference; fileEncoding = 4; lastKnownFileType = sourcecode.c.h; path = SBJsonStreamParserAdapter.h; sourceTree = "<group>"; };
		DD4503A914C7B8380035DF5D /* SBJsonStreamParserAdapter.m */ = {isa = PBXFileReference; fileEncoding = 4; lastKnownFileType = sourcecode.c.objc; path = SBJsonStreamParserAdapter.m; sourceTree = "<group>"; };
		DD4503AA14C7B8380035DF5D /* SBJsonStreamParserState.h */ = {isa = PBXFileReference; fileEncoding = 4; lastKnownFileType = sourcecode.c.h; path = SBJsonStreamParserState.h; sourceTree = "<group>"; };
		DD4503AB14C7B8380035DF5D /* SBJsonStreamParserState.m */ = {isa = PBXFileReference; fileEncoding = 4; lastKnownFileType = sourcecode.c.objc; path = SBJsonStreamParserState.m; sourceTree = "<group>"; };
		DD4503AC14C7B8380035DF5D /* SBJsonStreamWriter.h */ = {isa = PBXFileReference; fileEncoding = 4; lastKnownFileType = sourcecode.c.h; path = SBJsonStreamWriter.h; sourceTree = "<group>"; };
		DD4503AD14C7B8380035DF5D /* SBJsonStreamWriter.m */ = {isa = PBXFileReference; fileEncoding = 4; lastKnownFileType = sourcecode.c.objc; path = SBJsonStreamWriter.m; sourceTree = "<group>"; };
		DD4503AE14C7B8380035DF5D /* SBJsonStreamWriterAccumulator.h */ = {isa = PBXFileReference; fileEncoding = 4; lastKnownFileType = sourcecode.c.h; path = SBJsonStreamWriterAccumulator.h; sourceTree = "<group>"; };
		DD4503AF14C7B8380035DF5D /* SBJsonStreamWriterAccumulator.m */ = {isa = PBXFileReference; fileEncoding = 4; lastKnownFileType = sourcecode.c.objc; path = SBJsonStreamWriterAccumulator.m; sourceTree = "<group>"; };
		DD4503B014C7B8380035DF5D /* SBJsonStreamWriterState.h */ = {isa = PBXFileReference; fileEncoding = 4; lastKnownFileType = sourcecode.c.h; path = SBJsonStreamWriterState.h; sourceTree = "<group>"; };
		DD4503B114C7B8380035DF5D /* SBJsonStreamWriterState.m */ = {isa = PBXFileReference; fileEncoding = 4; lastKnownFileType = sourcecode.c.objc; path = SBJsonStreamWriterState.m; sourceTree = "<group>"; };
		DD4503B214C7B8380035DF5D /* SBJsonTokeniser.h */ = {isa = PBXFileReference; fileEncoding = 4; lastKnownFileType = sourcecode.c.h; path = SBJsonTokeniser.h; sourceTree = "<group>"; };
		DD4503B314C7B8380035DF5D /* SBJsonTokeniser.m */ = {isa = PBXFileReference; fileEncoding = 4; lastKnownFileType = sourcecode.c.objc; path = SBJsonTokeniser.m; sourceTree = "<group>"; };
		DD4503B414C7B8380035DF5D /* SBJsonUTF8Stream.h */ = {isa = PBXFileReference; fileEncoding = 4; lastKnownFileType = sourcecode.c.h; path = SBJsonUTF8Stream.h; sourceTree = "<group>"; };
		DD4503B514C7B8380035DF5D /* SBJsonUTF8Stream.m */ = {isa = PBXFileReference; fileEncoding = 4; lastKnownFileType = sourcecode.c.objc; path = SBJsonUTF8Stream.m; sourceTree = "<group>"; };
		DD4503B614C7B8380035DF5D /* SBJsonWriter.h */ = {isa = PBXFileReference; fileEncoding = 4; lastKnownFileType = sourcecode.c.h; path = SBJsonWriter.h; sourceTree = "<group>"; };
		DD4503B714C7B8380035DF5D /* SBJsonWriter.m */ = {isa = PBXFileReference; fileEncoding = 4; lastKnownFileType = sourcecode.c.objc; path = SBJsonWriter.m; sourceTree = "<group>"; };
		DD4503C414C7B86B0035DF5D /* JSON.h */ = {isa = PBXFileReference; fileEncoding = 4; lastKnownFileType = sourcecode.c.h; path = JSON.h; sourceTree = "<group>"; };
		DD7CCF3514D488390091BC0E /* MainWindow.xib */ = {isa = PBXFileReference; fileEncoding = 4; lastKnownFileType = file.xib; path = MainWindow.xib; sourceTree = "<group>"; };
		DD85E17B1474843300D83223 /* EventResultViewController.h */ = {isa = PBXFileReference; fileEncoding = 4; lastKnownFileType = sourcecode.c.h; path = EventResultViewController.h; sourceTree = "<group>"; };
		DD85E17C1474843300D83223 /* EventResultViewController.m */ = {isa = PBXFileReference; fileEncoding = 4; lastKnownFileType = sourcecode.c.objc; path = EventResultViewController.m; sourceTree = "<group>"; };
		DD85E17D1474843300D83223 /* EventResultViewController.xib */ = {isa = PBXFileReference; fileEncoding = 4; lastKnownFileType = file.xib; path = EventResultViewController.xib; sourceTree = "<group>"; };
		DD895D381460BDA900203286 /* LoginViewController.h */ = {isa = PBXFileReference; fileEncoding = 4; lastKnownFileType = sourcecode.c.h; path = LoginViewController.h; sourceTree = "<group>"; };
		DD895D391460BDA900203286 /* LoginViewController.m */ = {isa = PBXFileReference; fileEncoding = 4; lastKnownFileType = sourcecode.c.objc; path = LoginViewController.m; sourceTree = "<group>"; };
		DD895D3A1460BDA900203286 /* LoginViewController.xib */ = {isa = PBXFileReference; fileEncoding = 4; lastKnownFileType = file.xib; path = LoginViewController.xib; sourceTree = "<group>"; };
		DD895D471460D8C800203286 /* HomeViewController.h */ = {isa = PBXFileReference; fileEncoding = 4; lastKnownFileType = sourcecode.c.h; path = HomeViewController.h; sourceTree = "<group>"; };
		DD895D501460E47C00203286 /* Constants.h */ = {isa = PBXFileReference; fileEncoding = 4; lastKnownFileType = sourcecode.c.h; path = Constants.h; sourceTree = "<group>"; };
		DD895D52146209EB00203286 /* Event.h */ = {isa = PBXFileReference; fileEncoding = 4; lastKnownFileType = sourcecode.c.h; path = Event.h; sourceTree = "<group>"; };
		DD895D53146209EB00203286 /* Event.m */ = {isa = PBXFileReference; fileEncoding = 4; lastKnownFileType = sourcecode.c.objc; path = Event.m; sourceTree = "<group>"; };
		DD895D59146215C200203286 /* XMLEventParser.h */ = {isa = PBXFileReference; fileEncoding = 4; lastKnownFileType = sourcecode.c.h; path = XMLEventParser.h; sourceTree = "<group>"; };
		DD895D5A146215C200203286 /* XMLEventParser.m */ = {isa = PBXFileReference; fileEncoding = 4; lastKnownFileType = sourcecode.c.objc; path = XMLEventParser.m; sourceTree = "<group>"; };
		DD895D7914D44CA400AEF372 /* HomeViewController.m */ = {isa = PBXFileReference; lastKnownFileType = sourcecode.c.objc; path = HomeViewController.m; sourceTree = "<group>"; };
		DD895D8014D452C300AEF372 /* HomeViewController.xib */ = {isa = PBXFileReference; lastKnownFileType = file.xib; path = HomeViewController.xib; sourceTree = "<group>"; };
		DD895D8814D456FF00AEF372 /* en */ = {isa = PBXFileReference; lastKnownFileType = text.plist.strings; name = en; path = en.lproj/Localizable.strings; sourceTree = "<group>"; };
		DD895D8A14D4570F00AEF372 /* pt */ = {isa = PBXFileReference; lastKnownFileType = text.plist.strings; name = pt; path = pt.lproj/Localizable.strings; sourceTree = "<group>"; };
		DD8CBE72148AE716005467A8 /* RankingViewController.h */ = {isa = PBXFileReference; fileEncoding = 4; lastKnownFileType = sourcecode.c.h; path = RankingViewController.h; sourceTree = "<group>"; };
		DD8CBE73148AE716005467A8 /* RankingViewController.m */ = {isa = PBXFileReference; fileEncoding = 4; lastKnownFileType = sourcecode.c.objc; path = RankingViewController.m; sourceTree = "<group>"; };
		DD8CBE74148AE716005467A8 /* RankingViewController.xib */ = {isa = PBXFileReference; fileEncoding = 4; lastKnownFileType = file.xib; path = RankingViewController.xib; sourceTree = "<group>"; };
		DD8CBE78148AEBA7005467A8 /* Ranking.h */ = {isa = PBXFileReference; fileEncoding = 4; lastKnownFileType = sourcecode.c.h; path = Ranking.h; sourceTree = "<group>"; };
		DD8CBE79148AEBA7005467A8 /* Ranking.m */ = {isa = PBXFileReference; fileEncoding = 4; lastKnownFileType = sourcecode.c.objc; path = Ranking.m; sourceTree = "<group>"; };
		DD8CBE7B148AED1B005467A8 /* XMLRankingParser.h */ = {isa = PBXFileReference; fileEncoding = 4; lastKnownFileType = sourcecode.c.h; path = XMLRankingParser.h; sourceTree = "<group>"; };
		DD8CBE7C148AED1B005467A8 /* XMLRankingParser.m */ = {isa = PBXFileReference; fileEncoding = 4; lastKnownFileType = sourcecode.c.objc; path = XMLRankingParser.m; sourceTree = "<group>"; };
		DD8CBE7E148B09A1005467A8 /* RankingDetailViewController.h */ = {isa = PBXFileReference; fileEncoding = 4; lastKnownFileType = sourcecode.c.h; path = RankingDetailViewController.h; sourceTree = "<group>"; };
		DD8CBE7F148B09A1005467A8 /* RankingDetailViewController.m */ = {isa = PBXFileReference; fileEncoding = 4; lastKnownFileType = sourcecode.c.objc; path = RankingDetailViewController.m; sourceTree = "<group>"; };
		DD8CBE80148B09A2005467A8 /* RankingDetailViewController.xib */ = {isa = PBXFileReference; fileEncoding = 4; lastKnownFileType = file.xib; path = RankingDetailViewController.xib; sourceTree = "<group>"; };
		DD8CBE85148B0F3D005467A8 /* RankingPlayerViewController.xib */ = {isa = PBXFileReference; fileEncoding = 4; lastKnownFileType = file.xib; path = RankingPlayerViewController.xib; sourceTree = "<group>"; };
		DD8CBE88148B101B005467A8 /* RankingPlayer.h */ = {isa = PBXFileReference; fileEncoding = 4; lastKnownFileType = sourcecode.c.h; path = RankingPlayer.h; sourceTree = "<group>"; };
		DD8CBE89148B101B005467A8 /* RankingPlayer.m */ = {isa = PBXFileReference; fileEncoding = 4; lastKnownFileType = sourcecode.c.objc; path = RankingPlayer.m; sourceTree = "<group>"; };
		DD8CBE8B148B15C9005467A8 /* XMLRankingPlayerParser.h */ = {isa = PBXFileReference; fileEncoding = 4; lastKnownFileType = sourcecode.c.h; path = XMLRankingPlayerParser.h; sourceTree = "<group>"; };
		DD8CBE8C148B15C9005467A8 /* XMLRankingPlayerParser.m */ = {isa = PBXFileReference; fileEncoding = 4; lastKnownFileType = sourcecode.c.objc; path = XMLRankingPlayerParser.m; sourceTree = "<group>"; };
		DD8DD3751448FDC80063D735 /* homeTop.png */ = {isa = PBXFileReference; lastKnownFileType = image.png; path = homeTop.png; sourceTree = "<group>"; };
		DD8DD39C1449FC1D0063D735 /* home.png */ = {isa = PBXFileReference; lastKnownFileType = image.png; path = home.png; sourceTree = "<group>"; };
		DD8DD39E1449FC650063D735 /* events.png */ = {isa = PBXFileReference; lastKnownFileType = image.png; path = events.png; sourceTree = "<group>"; };
		DD8DD39F1449FC650063D735 /* rankings.png */ = {isa = PBXFileReference; lastKnownFileType = image.png; path = rankings.png; sourceTree = "<group>"; };
		DD8DD3A01449FC650063D735 /* photos.png */ = {isa = PBXFileReference; lastKnownFileType = image.png; path = photos.png; sourceTree = "<group>"; };
		DD9D8542146EDA98005B2FD5 /* aboutHeader.png */ = {isa = PBXFileReference; lastKnownFileType = image.png; path = aboutHeader.png; sourceTree = "<group>"; };
		DD9D8544146F6191005B2FD5 /* alert.png */ = {isa = PBXFileReference; lastKnownFileType = image.png; path = alert.png; sourceTree = "<group>"; };
		DD9ED0AA147B07B2001B5B32 /* camera.png */ = {isa = PBXFileReference; lastKnownFileType = image.png; path = camera.png; sourceTree = "<group>"; };
		DD9ED0AD147B11CE001B5B32 /* XMLEventPhotoParser.h */ = {isa = PBXFileReference; fileEncoding = 4; lastKnownFileType = sourcecode.c.h; path = XMLEventPhotoParser.h; sourceTree = "<group>"; };
		DD9ED0AE147B11CE001B5B32 /* XMLEventPhotoParser.m */ = {isa = PBXFileReference; fileEncoding = 4; lastKnownFileType = sourcecode.c.objc; path = XMLEventPhotoParser.m; sourceTree = "<group>"; };
		DD9ED0B0147B12B9001B5B32 /* EventPhoto.h */ = {isa = PBXFileReference; fileEncoding = 4; lastKnownFileType = sourcecode.c.h; path = EventPhoto.h; sourceTree = "<group>"; };
		DD9ED0B1147B12B9001B5B32 /* EventPhoto.m */ = {isa = PBXFileReference; fileEncoding = 4; lastKnownFileType = sourcecode.c.objc; path = EventPhoto.m; sourceTree = "<group>"; };
		DD9ED0B7147B3751001B5B32 /* ImageCache.h */ = {isa = PBXFileReference; fileEncoding = 4; lastKnownFileType = sourcecode.c.h; path = ImageCache.h; sourceTree = "<group>"; };
		DD9ED0B8147B3751001B5B32 /* ImageCache.m */ = {isa = PBXFileReference; fileEncoding = 4; lastKnownFileType = sourcecode.c.objc; path = ImageCache.m; sourceTree = "<group>"; };
		DD9ED0BA147B375C001B5B32 /* FileHelpers.h */ = {isa = PBXFileReference; fileEncoding = 4; lastKnownFileType = sourcecode.c.h; path = FileHelpers.h; sourceTree = "<group>"; };
		DD9ED0BB147B375C001B5B32 /* FileHelpers.m */ = {isa = PBXFileReference; fileEncoding = 4; lastKnownFileType = sourcecode.c.objc; path = FileHelpers.m; sourceTree = "<group>"; };
		DDB2A462148D931F004BB986 /* AccountViewController.h */ = {isa = PBXFileReference; fileEncoding = 4; lastKnownFileType = sourcecode.c.h; path = AccountViewController.h; sourceTree = "<group>"; };
		DDB2A463148D931F004BB986 /* AccountViewController.m */ = {isa = PBXFileReference; fileEncoding = 4; lastKnownFileType = sourcecode.c.objc; path = AccountViewController.m; sourceTree = "<group>"; };
		DDB2A464148D931F004BB986 /* AccountViewController.xib */ = {isa = PBXFileReference; fileEncoding = 4; lastKnownFileType = file.xib; path = AccountViewController.xib; sourceTree = "<group>"; };
		DDB2E2DA148B20C500676FD2 /* RankingPlayerViewController.h */ = {isa = PBXFileReference; fileEncoding = 4; lastKnownFileType = sourcecode.c.h; path = RankingPlayerViewController.h; sourceTree = "<group>"; };
		DDB2E2DB148B20C500676FD2 /* RankingPlayerViewController.m */ = {isa = PBXFileReference; fileEncoding = 4; lastKnownFileType = sourcecode.c.objc; path = RankingPlayerViewController.m; sourceTree = "<group>"; };
		DDB2E2E3148B2C4B00676FD2 /* calendar.png */ = {isa = PBXFileReference; lastKnownFileType = image.png; path = calendar.png; sourceTree = "<group>"; };
		DDB2E2E5148B2C8500676FD2 /* stopwatch.png */ = {isa = PBXFileReference; lastKnownFileType = image.png; path = stopwatch.png; sourceTree = "<group>"; };
		DDB2E2EB148C1F5800676FD2 /* AddPlayerViewController.h */ = {isa = PBXFileReference; fileEncoding = 4; lastKnownFileType = sourcecode.c.h; path = AddPlayerViewController.h; sourceTree = "<group>"; };
		DDB2E2EC148C1F5900676FD2 /* AddPlayerViewController.m */ = {isa = PBXFileReference; fileEncoding = 4; lastKnownFileType = sourcecode.c.objc; path = AddPlayerViewController.m; sourceTree = "<group>"; };
		DDB2E2ED148C1F5900676FD2 /* AddPlayerViewController.xib */ = {isa = PBXFileReference; fileEncoding = 4; lastKnownFileType = file.xib; path = AddPlayerViewController.xib; sourceTree = "<group>"; };
		DDCD835F1470135600000D85 /* EventResultSaveViewController.h */ = {isa = PBXFileReference; fileEncoding = 4; lastKnownFileType = sourcecode.c.h; path = EventResultSaveViewController.h; sourceTree = "<group>"; };
		DDCD83601470135600000D85 /* EventResultSaveViewController.m */ = {isa = PBXFileReference; fileEncoding = 4; lastKnownFileType = sourcecode.c.objc; path = EventResultSaveViewController.m; sourceTree = "<group>"; };
		DDCD83611470135600000D85 /* EventResultSaveViewController.xib */ = {isa = PBXFileReference; fileEncoding = 4; lastKnownFileType = file.xib; path = EventResultSaveViewController.xib; sourceTree = "<group>"; };
		DDCD8365147021F000000D85 /* plus.png */ = {isa = PBXFileReference; lastKnownFileType = image.png; path = plus.png; sourceTree = "<group>"; };
		DDCD8366147021F000000D85 /* minus.png */ = {isa = PBXFileReference; lastKnownFileType = image.png; path = minus.png; sourceTree = "<group>"; };
		DDCDCB0514D093B90026C1B3 /* EventEditViewController.h */ = {isa = PBXFileReference; fileEncoding = 4; lastKnownFileType = sourcecode.c.h; path = EventEditViewController.h; sourceTree = "<group>"; };
		DDCDCB0614D093B90026C1B3 /* EventEditViewController.m */ = {isa = PBXFileReference; fileEncoding = 4; lastKnownFileType = sourcecode.c.objc; path = EventEditViewController.m; sourceTree = "<group>"; };
		DDCDCB0714D093B90026C1B3 /* EventEditViewController.xib */ = {isa = PBXFileReference; fileEncoding = 4; lastKnownFileType = file.xib; path = EventEditViewController.xib; sourceTree = "<group>"; };
		DDD3C53B1475F11900263ABD /* PhotoViewController.h */ = {isa = PBXFileReference; fileEncoding = 4; lastKnownFileType = sourcecode.c.h; path = PhotoViewController.h; sourceTree = "<group>"; };
		DDD3C53C1475F11900263ABD /* PhotoViewController.m */ = {isa = PBXFileReference; fileEncoding = 4; lastKnownFileType = sourcecode.c.objc; path = PhotoViewController.m; sourceTree = "<group>"; };
		DDD3C53D1475F11900263ABD /* PhotoViewController.xib */ = {isa = PBXFileReference; fileEncoding = 4; lastKnownFileType = file.xib; path = PhotoViewController.xib; sourceTree = "<group>"; };
/* End PBXFileReference section */

/* Begin PBXFrameworksBuildPhase section */
		DD2A07D91447AA5A003FB740 /* Frameworks */ = {
			isa = PBXFrameworksBuildPhase;
			buildActionMask = 2147483647;
			files = (
				DD40A15C1482C44100EE116C /* SystemConfiguration.framework in Frameworks */,
				DD2A07E11447AA5A003FB740 /* UIKit.framework in Frameworks */,
				DD2A07E31447AA5A003FB740 /* Foundation.framework in Frameworks */,
				DD2A07E51447AA5A003FB740 /* CoreGraphics.framework in Frameworks */,
				DD2A94671447CCF5007CCDF1 /* SBJson.framework in Frameworks */,
			);
			runOnlyForDeploymentPostprocessing = 0;
		};
/* End PBXFrameworksBuildPhase section */

/* Begin PBXGroup section */
		DD121E361464AB8500E97E8C /* images */ = {
			isa = PBXGroup;
			children = (
				DDB2E2E5148B2C8500676FD2 /* stopwatch.png */,
				DDB2E2E3148B2C4B00676FD2 /* calendar.png */,
				DD40A14714813B5700EE116C /* newaiLogo.png */,
				DD40A14314813A1900EE116C /* creditBackground.png */,
				DD9ED0AA147B07B2001B5B32 /* camera.png */,
				DD9D8544146F6191005B2FD5 /* alert.png */,
				DD1EC3791468A3570050D5D3 /* nokH.png */,
				DD1EC37A1468A3570050D5D3 /* noneH.png */,
				DD1EC37B1468A3570050D5D3 /* okH.png */,
				DD121E5614657B9900E97E8C /* preferences.png */,
				DD121E491464BB5600E97E8C /* ok.png */,
				DD121E4A1464BB5600E97E8C /* none.png */,
				DD121E4B1464BB5600E97E8C /* nok.png */,
				DD8DD39C1449FC1D0063D735 /* home.png */,
				DD8DD39E1449FC650063D735 /* events.png */,
				DD9D8542146EDA98005B2FD5 /* aboutHeader.png */,
				DD8DD39F1449FC650063D735 /* rankings.png */,
				DD8DD3A01449FC650063D735 /* photos.png */,
				DD8DD3751448FDC80063D735 /* homeTop.png */,
				DD2A08131447AD41003FB740 /* logo.png */,
				DD2A080A1447AC9E003FB740 /* Default.png */,
				DD354F4B145CE0F50035E31B /* background.png */,
				DD2A08061447AA91003FB740 /* Default@2x.png */,
				DD2A08041447AA8E003FB740 /* Default.png */,
				DD2A08021447AA8B003FB740 /* iconRetina.png */,
				DD2A08001447AA89003FB740 /* icon.png */,
				DDCD8365147021F000000D85 /* plus.png */,
				DDCD8366147021F000000D85 /* minus.png */,
			);
			name = images;
			sourceTree = "<group>";
		};
		DD121E4F1464BD3400E97E8C /* Objects */ = {
			isa = PBXGroup;
			children = (
				DD45039C14C7B7240035DF5D /* Reachability.h */,
				DD45039D14C7B7240035DF5D /* Reachability.m */,
				DD40A14D14814CF000EE116C /* ELCTextfieldCell.h */,
				DD40A14E14814CF000EE116C /* ELCTextfieldCell.m */,
				DD9ED0BA147B375C001B5B32 /* FileHelpers.h */,
				DD9ED0BB147B375C001B5B32 /* FileHelpers.m */,
				DD9ED0B7147B3751001B5B32 /* ImageCache.h */,
				DD9ED0B8147B3751001B5B32 /* ImageCache.m */,
				DD895D52146209EB00203286 /* Event.h */,
				DD895D53146209EB00203286 /* Event.m */,
				DD121E2714646DA600E97E8C /* Player.h */,
				DD121E2814646DA600E97E8C /* Player.m */,
				DD121E2A14646E6E00E97E8C /* EventPlayer.h */,
				DD121E2B14646E6E00E97E8C /* EventPlayer.m */,
				DD9ED0B0147B12B9001B5B32 /* EventPhoto.h */,
				DD9ED0B1147B12B9001B5B32 /* EventPhoto.m */,
				DD8CBE78148AEBA7005467A8 /* Ranking.h */,
				DD8CBE79148AEBA7005467A8 /* Ranking.m */,
				DD8CBE88148B101B005467A8 /* RankingPlayer.h */,
				DD8CBE89148B101B005467A8 /* RankingPlayer.m */,
			);
			name = Objects;
			sourceTree = "<group>";
		};
		DD121E501464BD5400E97E8C /* Controllers */ = {
			isa = PBXGroup;
			children = (
				DD895D381460BDA900203286 /* LoginViewController.h */,
				DD895D391460BDA900203286 /* LoginViewController.m */,
				DD121E5D14657F5100E97E8C /* ConfigViewController.h */,
				DD121E5E14657F5100E97E8C /* ConfigViewController.m */,
				DD895D471460D8C800203286 /* HomeViewController.h */,
				DD895D7914D44CA400AEF372 /* HomeViewController.m */,
				DD121E1914637A9600E97E8C /* EventDetailViewController.h */,
				DD121E1A14637A9600E97E8C /* EventDetailViewController.m */,
				DD121E22146458D700E97E8C /* EventPlayerViewController.h */,
				DD121E23146458D700E97E8C /* EventPlayerViewController.m */,
				DD121E631466CC1600E97E8C /* EventCommentViewController.h */,
				DD121E641466CC1600E97E8C /* EventCommentViewController.m */,
				DDCD835F1470135600000D85 /* EventResultSaveViewController.h */,
				DDCD83601470135600000D85 /* EventResultSaveViewController.m */,
				DD85E17B1474843300D83223 /* EventResultViewController.h */,
				DD85E17C1474843300D83223 /* EventResultViewController.m */,
				DD386EF314759E9E00221C24 /* EventResultDetailViewController.h */,
				DD386EF414759E9E00221C24 /* EventResultDetailViewController.m */,
				DD386EFC1475E36000221C24 /* EventViewController.h */,
				DD386EFD1475E36000221C24 /* EventViewController.m */,
				DDD3C53B1475F11900263ABD /* PhotoViewController.h */,
				DDD3C53C1475F11900263ABD /* PhotoViewController.m */,
				DD40A15014814EA500EE116C /* SignViewController.h */,
				DD40A15114814EA600EE116C /* SignViewController.m */,
				DD8CBE72148AE716005467A8 /* RankingViewController.h */,
				DD8CBE73148AE716005467A8 /* RankingViewController.m */,
				DD8CBE7E148B09A1005467A8 /* RankingDetailViewController.h */,
				DD8CBE7F148B09A1005467A8 /* RankingDetailViewController.m */,
				DDB2E2DA148B20C500676FD2 /* RankingPlayerViewController.h */,
				DDB2E2DB148B20C500676FD2 /* RankingPlayerViewController.m */,
				DDB2E2EB148C1F5800676FD2 /* AddPlayerViewController.h */,
				DDB2E2EC148C1F5900676FD2 /* AddPlayerViewController.m */,
				DDB2A462148D931F004BB986 /* AccountViewController.h */,
				DDB2A463148D931F004BB986 /* AccountViewController.m */,
				DDCDCB0514D093B90026C1B3 /* EventEditViewController.h */,
				DDCDCB0614D093B90026C1B3 /* EventEditViewController.m */,
			);
			name = Controllers;
			sourceTree = "<group>";
		};
		DD121E6214664BF500E97E8C /* Resources */ = {
			isa = PBXGroup;
			children = (
				DD7CCF3514D488390091BC0E /* MainWindow.xib */,
				DD121E5F14657F5200E97E8C /* ConfigViewController.xib */,
				DDCDCB0714D093B90026C1B3 /* EventEditViewController.xib */,
				DDB2E2ED148C1F5900676FD2 /* AddPlayerViewController.xib */,
				DD895D3A1460BDA900203286 /* LoginViewController.xib */,
				DD895D8014D452C300AEF372 /* HomeViewController.xib */,
				DD386EFE1475E36000221C24 /* EventViewController.xib */,
				DD121E1B14637A9600E97E8C /* EventDetailViewController.xib */,
				DD121E24146458D700E97E8C /* EventPlayerViewController.xib */,
				DDCD83611470135600000D85 /* EventResultSaveViewController.xib */,
				DD121E651466CC1600E97E8C /* EventCommentViewController.xib */,
				DDD3C53D1475F11900263ABD /* PhotoViewController.xib */,
				DD85E17D1474843300D83223 /* EventResultViewController.xib */,
				DD40A15214814EA700EE116C /* SignViewController.xib */,
				DD8CBE74148AE716005467A8 /* RankingViewController.xib */,
				DD8CBE80148B09A2005467A8 /* RankingDetailViewController.xib */,
				DD8CBE85148B0F3D005467A8 /* RankingPlayerViewController.xib */,
				DDB2A464148D931F004BB986 /* AccountViewController.xib */,
			);
			name = Resources;
			sourceTree = "<group>";
		};
		DD2A07D11447AA59003FB740 = {
			isa = PBXGroup;
			children = (
				DD2A947A1447CDD1007CCDF1 /* JSON */,
				DD121E361464AB8500E97E8C /* images */,
				DD2A07E61447AA5A003FB740 /* iRank */,
				DD2A07DF1447AA5A003FB740 /* Frameworks */,
				DD2A07DD1447AA5A003FB740 /* Products */,
			);
			sourceTree = "<group>";
		};
		DD2A07DD1447AA5A003FB740 /* Products */ = {
			isa = PBXGroup;
			children = (
				DD2A07DC1447AA5A003FB740 /* iRank.app */,
			);
			name = Products;
			sourceTree = "<group>";
		};
		DD2A07DF1447AA5A003FB740 /* Frameworks */ = {
			isa = PBXGroup;
			children = (
				DD40A15A1482C43300EE116C /* SystemConfiguration.framework */,
				DD2A94661447CCF5007CCDF1 /* SBJson.framework */,
				DD2A07E01447AA5A003FB740 /* UIKit.framework */,
				DD2A07E21447AA5A003FB740 /* Foundation.framework */,
				DD2A07E41447AA5A003FB740 /* CoreGraphics.framework */,
			);
			name = Frameworks;
			sourceTree = "<group>";
		};
		DD2A07E61447AA5A003FB740 /* iRank */ = {
			isa = PBXGroup;
			children = (
				DD2A07EF1447AA5A003FB740 /* iRankAppDelegate.h */,
				DD2A07F01447AA5A003FB740 /* iRankAppDelegate.m */,
				DD121E4F1464BD3400E97E8C /* Objects */,
				DD121E6214664BF500E97E8C /* Resources */,
				DD121E501464BD5400E97E8C /* Controllers */,
				DD895D501460E47C00203286 /* Constants.h */,
				DD895D5C146215C600203286 /* XMLParser */,
				DD2A07E71447AA5A003FB740 /* Supporting Files */,
			);
			path = iRank;
			sourceTree = "<group>";
		};
		DD2A07E71447AA5A003FB740 /* Supporting Files */ = {
			isa = PBXGroup;
			children = (
				DD895D8714D456FF00AEF372 /* Localizable.strings */,
				DD2A07E81447AA5A003FB740 /* iRank-Info.plist */,
				DD2A07EE1447AA5A003FB740 /* iRank-Prefix.pch */,
				DD2A07EC1447AA5A003FB740 /* main.m */,
			);
			name = "Supporting Files";
			sourceTree = "<group>";
		};
		DD2A947A1447CDD1007CCDF1 /* JSON */ = {
			isa = PBXGroup;
			children = (
				DD45039F14C7B8380035DF5D /* NSObject+SBJson.h */,
				DD4503A014C7B8380035DF5D /* NSObject+SBJson.m */,
				DD4503A114C7B8380035DF5D /* SBJson.h */,
				DD4503A214C7B8380035DF5D /* SBJsonParser.h */,
				DD4503A314C7B8380035DF5D /* SBJsonParser.m */,
				DD4503A414C7B8380035DF5D /* SBJsonStreamParser.h */,
				DD4503A514C7B8380035DF5D /* SBJsonStreamParser.m */,
				DD4503A614C7B8380035DF5D /* SBJsonStreamParserAccumulator.h */,
				DD4503A714C7B8380035DF5D /* SBJsonStreamParserAccumulator.m */,
				DD4503A814C7B8380035DF5D /* SBJsonStreamParserAdapter.h */,
				DD4503A914C7B8380035DF5D /* SBJsonStreamParserAdapter.m */,
				DD4503AA14C7B8380035DF5D /* SBJsonStreamParserState.h */,
				DD4503AB14C7B8380035DF5D /* SBJsonStreamParserState.m */,
				DD4503AC14C7B8380035DF5D /* SBJsonStreamWriter.h */,
				DD4503AD14C7B8380035DF5D /* SBJsonStreamWriter.m */,
				DD4503AE14C7B8380035DF5D /* SBJsonStreamWriterAccumulator.h */,
				DD4503AF14C7B8380035DF5D /* SBJsonStreamWriterAccumulator.m */,
				DD4503B014C7B8380035DF5D /* SBJsonStreamWriterState.h */,
				DD4503B114C7B8380035DF5D /* SBJsonStreamWriterState.m */,
				DD4503B214C7B8380035DF5D /* SBJsonTokeniser.h */,
				DD4503B314C7B8380035DF5D /* SBJsonTokeniser.m */,
				DD4503B414C7B8380035DF5D /* SBJsonUTF8Stream.h */,
				DD4503B514C7B8380035DF5D /* SBJsonUTF8Stream.m */,
				DD4503B614C7B8380035DF5D /* SBJsonWriter.h */,
				DD4503B714C7B8380035DF5D /* SBJsonWriter.m */,
				DD4503C414C7B86B0035DF5D /* JSON.h */,
			);
			name = JSON;
			path = iRank;
			sourceTree = "<group>";
		};
		DD895D5C146215C600203286 /* XMLParser */ = {
			isa = PBXGroup;
			children = (
				DD895D59146215C200203286 /* XMLEventParser.h */,
				DD895D5A146215C200203286 /* XMLEventParser.m */,
				DD121E2D1464725500E97E8C /* XMLEventPlayerParser.h */,
				DD121E2E1464725500E97E8C /* XMLEventPlayerParser.m */,
				DD9ED0AD147B11CE001B5B32 /* XMLEventPhotoParser.h */,
				DD9ED0AE147B11CE001B5B32 /* XMLEventPhotoParser.m */,
				DD8CBE7B148AED1B005467A8 /* XMLRankingParser.h */,
				DD8CBE7C148AED1B005467A8 /* XMLRankingParser.m */,
				DD8CBE8B148B15C9005467A8 /* XMLRankingPlayerParser.h */,
				DD8CBE8C148B15C9005467A8 /* XMLRankingPlayerParser.m */,
			);
			name = XMLParser;
			sourceTree = "<group>";
		};
/* End PBXGroup section */

/* Begin PBXNativeTarget section */
		DD2A07DB1447AA5A003FB740 /* iRank */ = {
			isa = PBXNativeTarget;
			buildConfigurationList = DD2A07FD1447AA5A003FB740 /* Build configuration list for PBXNativeTarget "iRank" */;
			buildPhases = (
				DD2A07D81447AA5A003FB740 /* Sources */,
				DD2A07D91447AA5A003FB740 /* Frameworks */,
				DD2A07DA1447AA5A003FB740 /* Resources */,
			);
			buildRules = (
			);
			dependencies = (
			);
			name = iRank;
			productName = iRank;
			productReference = DD2A07DC1447AA5A003FB740 /* iRank.app */;
			productType = "com.apple.product-type.application";
		};
/* End PBXNativeTarget section */

/* Begin PBXProject section */
		DD2A07D31447AA59003FB740 /* Project object */ = {
			isa = PBXProject;
			attributes = {
				LastUpgradeCheck = 0420;
			};
			buildConfigurationList = DD2A07D61447AA59003FB740 /* Build configuration list for PBXProject "iRank" */;
			compatibilityVersion = "Xcode 3.2";
			developmentRegion = English;
			hasScannedForEncodings = 0;
			knownRegions = (
				en,
				pt,
			);
			mainGroup = DD2A07D11447AA59003FB740;
			productRefGroup = DD2A07DD1447AA5A003FB740 /* Products */;
			projectDirPath = "";
			projectRoot = "";
			targets = (
				DD2A07DB1447AA5A003FB740 /* iRank */,
			);
		};
/* End PBXProject section */

/* Begin PBXResourcesBuildPhase section */
		DD2A07DA1447AA5A003FB740 /* Resources */ = {
			isa = PBXResourcesBuildPhase;
			buildActionMask = 2147483647;
			files = (
				DD2A08051447AA8E003FB740 /* Default.png in Resources */,
				DD2A08071447AA91003FB740 /* Default@2x.png in Resources */,
				DD2A08141447AD41003FB740 /* logo.png in Resources */,
				DD8DD3761448FDC80063D735 /* homeTop.png in Resources */,
				DD8DD39D1449FC1D0063D735 /* home.png in Resources */,
				DD8DD3A11449FC650063D735 /* events.png in Resources */,
				DD8DD3A21449FC650063D735 /* rankings.png in Resources */,
				DD8DD3A31449FC650063D735 /* photos.png in Resources */,
				DD354F4C145CE0F50035E31B /* background.png in Resources */,
				DD895D3C1460BDA900203286 /* LoginViewController.xib in Resources */,
				DD895D7F14D452C300AEF372 /* HomeViewController.xib in Resources */,
				DD121E1D14637A9600E97E8C /* EventDetailViewController.xib in Resources */,
				DD121E26146458D700E97E8C /* EventPlayerViewController.xib in Resources */,
				DD121E4C1464BB5600E97E8C /* ok.png in Resources */,
				DD121E4D1464BB5600E97E8C /* none.png in Resources */,
				DD121E4E1464BB5600E97E8C /* nok.png in Resources */,
				DD121E5714657B9900E97E8C /* preferences.png in Resources */,
				DD121E6114657F5200E97E8C /* ConfigViewController.xib in Resources */,
				DD121E671466CC1700E97E8C /* EventCommentViewController.xib in Resources */,
				DD1EC37C1468A3570050D5D3 /* nokH.png in Resources */,
				DD1EC37D1468A3570050D5D3 /* noneH.png in Resources */,
				DD1EC37E1468A3570050D5D3 /* okH.png in Resources */,
				DD9D8543146EDA98005B2FD5 /* aboutHeader.png in Resources */,
				DD9D8545146F6191005B2FD5 /* alert.png in Resources */,
				DDCD83631470135600000D85 /* EventResultSaveViewController.xib in Resources */,
				DDCD8367147021F000000D85 /* plus.png in Resources */,
				DDCD8368147021F000000D85 /* minus.png in Resources */,
				DD85E17F1474843300D83223 /* EventResultViewController.xib in Resources */,
				DD386F001475E36000221C24 /* EventViewController.xib in Resources */,
				DDD3C53F1475F11900263ABD /* PhotoViewController.xib in Resources */,
				DD9ED0AB147B07B2001B5B32 /* camera.png in Resources */,
				DD40A14414813A1900EE116C /* creditBackground.png in Resources */,
				DD40A14814813B5700EE116C /* newaiLogo.png in Resources */,
				DD40A15414814EA800EE116C /* SignViewController.xib in Resources */,
				DD8CBE76148AE716005467A8 /* RankingViewController.xib in Resources */,
				DD8CBE82148B09A2005467A8 /* RankingDetailViewController.xib in Resources */,
				DD8CBE87148B0F3D005467A8 /* RankingPlayerViewController.xib in Resources */,
				DDB2E2E4148B2C4B00676FD2 /* calendar.png in Resources */,
				DDB2E2E6148B2C8500676FD2 /* stopwatch.png in Resources */,
				DDB2E2EF148C1F5900676FD2 /* AddPlayerViewController.xib in Resources */,
				DDB2A466148D931F004BB986 /* AccountViewController.xib in Resources */,
				DDFEB35314C7BF1A006D7F65 /* icon.png in Resources */,
				DDFEB35414C7BF42006D7F65 /* iconRetina.png in Resources */,
				DDCDCB0914D093B90026C1B3 /* EventEditViewController.xib in Resources */,
				DD895D8914D456FF00AEF372 /* Localizable.strings in Resources */,
				DD895D8B14D4570F00AEF372 /* Localizable.strings in Resources */,
				DD7CCF3614D488390091BC0E /* MainWindow.xib in Resources */,
			);
			runOnlyForDeploymentPostprocessing = 0;
		};
/* End PBXResourcesBuildPhase section */

/* Begin PBXSourcesBuildPhase section */
		DD2A07D81447AA5A003FB740 /* Sources */ = {
			isa = PBXSourcesBuildPhase;
			buildActionMask = 2147483647;
			files = (
				DD2A07ED1447AA5A003FB740 /* main.m in Sources */,
				DD2A07F11447AA5A003FB740 /* iRankAppDelegate.m in Sources */,
				DD895D3B1460BDA900203286 /* LoginViewController.m in Sources */,
				DD895D7814D44CA400AEF372 /* HomeViewController.m in Sources */,
				DD895D54146209EB00203286 /* Event.m in Sources */,
				DD895D5B146215C200203286 /* XMLEventParser.m in Sources */,
				DD121E1C14637A9600E97E8C /* EventDetailViewController.m in Sources */,
				DD121E25146458D700E97E8C /* EventPlayerViewController.m in Sources */,
				DD121E2914646DA600E97E8C /* Player.m in Sources */,
				DD121E2C14646E6F00E97E8C /* EventPlayer.m in Sources */,
				DD121E2F1464725500E97E8C /* XMLEventPlayerParser.m in Sources */,
				DD121E6014657F5200E97E8C /* ConfigViewController.m in Sources */,
				DD121E661466CC1700E97E8C /* EventCommentViewController.m in Sources */,
				DDCD83621470135600000D85 /* EventResultSaveViewController.m in Sources */,
				DD85E17E1474843300D83223 /* EventResultViewController.m in Sources */,
				DD386EF514759E9E00221C24 /* EventResultDetailViewController.m in Sources */,
				DD386EFF1475E36000221C24 /* EventViewController.m in Sources */,
				DDD3C53E1475F11900263ABD /* PhotoViewController.m in Sources */,
				DD9ED0AF147B11CE001B5B32 /* XMLEventPhotoParser.m in Sources */,
				DD9ED0B2147B12B9001B5B32 /* EventPhoto.m in Sources */,
				DD9ED0B9147B3751001B5B32 /* ImageCache.m in Sources */,
				DD9ED0BC147B375D001B5B32 /* FileHelpers.m in Sources */,
				DD40A14F14814CF000EE116C /* ELCTextfieldCell.m in Sources */,
				DD40A15314814EA800EE116C /* SignViewController.m in Sources */,
				DD8CBE75148AE716005467A8 /* RankingViewController.m in Sources */,
				DD8CBE7A148AEBA7005467A8 /* Ranking.m in Sources */,
				DD8CBE7D148AED1B005467A8 /* XMLRankingParser.m in Sources */,
				DD8CBE81148B09A2005467A8 /* RankingDetailViewController.m in Sources */,
				DD8CBE8A148B101B005467A8 /* RankingPlayer.m in Sources */,
				DD8CBE8D148B15C9005467A8 /* XMLRankingPlayerParser.m in Sources */,
				DDB2E2DC148B20C500676FD2 /* RankingPlayerViewController.m in Sources */,
				DDB2E2EE148C1F5900676FD2 /* AddPlayerViewController.m in Sources */,
				DDB2A465148D931F004BB986 /* AccountViewController.m in Sources */,
				DD45039E14C7B7240035DF5D /* Reachability.m in Sources */,
				DD4503B814C7B8380035DF5D /* NSObject+SBJson.m in Sources */,
				DD4503B914C7B8380035DF5D /* SBJsonParser.m in Sources */,
				DD4503BA14C7B8380035DF5D /* SBJsonStreamParser.m in Sources */,
				DD4503BB14C7B8380035DF5D /* SBJsonStreamParserAccumulator.m in Sources */,
				DD4503BC14C7B8380035DF5D /* SBJsonStreamParserAdapter.m in Sources */,
				DD4503BD14C7B8380035DF5D /* SBJsonStreamParserState.m in Sources */,
				DD4503BE14C7B8380035DF5D /* SBJsonStreamWriter.m in Sources */,
				DD4503BF14C7B8380035DF5D /* SBJsonStreamWriterAccumulator.m in Sources */,
				DD4503C014C7B8380035DF5D /* SBJsonStreamWriterState.m in Sources */,
				DD4503C114C7B8380035DF5D /* SBJsonTokeniser.m in Sources */,
				DD4503C214C7B8380035DF5D /* SBJsonUTF8Stream.m in Sources */,
				DD4503C314C7B8380035DF5D /* SBJsonWriter.m in Sources */,
				DDCDCB0814D093B90026C1B3 /* EventEditViewController.m in Sources */,
			);
			runOnlyForDeploymentPostprocessing = 0;
		};
/* End PBXSourcesBuildPhase section */

/* Begin PBXVariantGroup section */
		DD895D8714D456FF00AEF372 /* Localizable.strings */ = {
			isa = PBXVariantGroup;
			children = (
				DD895D8814D456FF00AEF372 /* en */,
				DD895D8A14D4570F00AEF372 /* pt */,
			);
			name = Localizable.strings;
			sourceTree = "<group>";
		};
/* End PBXVariantGroup section */

/* Begin XCBuildConfiguration section */
		DD2A07FB1447AA5A003FB740 /* Debug */ = {
			isa = XCBuildConfiguration;
			buildSettings = {
				ALWAYS_SEARCH_USER_PATHS = NO;
				ARCHS = "$(ARCHS_STANDARD_32_BIT)";
				"CODE_SIGN_IDENTITY[sdk=iphoneos*]" = "iPhone Developer";
				COPY_PHASE_STRIP = NO;
				GCC_C_LANGUAGE_STANDARD = gnu99;
				GCC_DYNAMIC_NO_PIC = NO;
				GCC_OPTIMIZATION_LEVEL = 0;
				GCC_PREPROCESSOR_DEFINITIONS = (
					"DEBUG=1",
					"$(inherited)",
				);
				GCC_SYMBOLS_PRIVATE_EXTERN = NO;
				GCC_VERSION = com.apple.compilers.llvmgcc42;
				GCC_WARN_ABOUT_MISSING_PROTOTYPES = YES;
				GCC_WARN_ABOUT_RETURN_TYPE = YES;
				GCC_WARN_UNUSED_VARIABLE = YES;
				IPHONEOS_DEPLOYMENT_TARGET = 4.3;
				SDKROOT = iphoneos;
			};
			name = Debug;
		};
		DD2A07FC1447AA5A003FB740 /* Release */ = {
			isa = XCBuildConfiguration;
			buildSettings = {
				ALWAYS_SEARCH_USER_PATHS = NO;
				ARCHS = "$(ARCHS_STANDARD_32_BIT)";
				"CODE_SIGN_IDENTITY[sdk=iphoneos*]" = "iPhone Developer";
				COPY_PHASE_STRIP = YES;
				GCC_C_LANGUAGE_STANDARD = gnu99;
				GCC_VERSION = com.apple.compilers.llvmgcc42;
				GCC_WARN_ABOUT_MISSING_PROTOTYPES = YES;
				GCC_WARN_ABOUT_RETURN_TYPE = YES;
				GCC_WARN_UNUSED_VARIABLE = YES;
				IPHONEOS_DEPLOYMENT_TARGET = 4.3;
				OTHER_CFLAGS = "-DNS_BLOCK_ASSERTIONS=1";
				SDKROOT = iphoneos;
				VALIDATE_PRODUCT = YES;
			};
			name = Release;
		};
		DD2A07FE1447AA5A003FB740 /* Debug */ = {
			isa = XCBuildConfiguration;
			buildSettings = {
				CODE_SIGN_IDENTITY = "iPhone Developer: Luciano Stegun (JDRDT4XYL3)";
				"CODE_SIGN_IDENTITY[sdk=iphoneos*]" = "iPhone Developer: Luciano Stegun (JDRDT4XYL3)";
				FRAMEWORK_SEARCH_PATHS = (
					"$(inherited)",
					"\"$(SRCROOT)\"",
				);
				GCC_PRECOMPILE_PREFIX_HEADER = YES;
				GCC_PREFIX_HEADER = "iRank/iRank-Prefix.pch";
				GCC_VERSION = com.apple.compilers.llvm.clang.1_0;
				INFOPLIST_FILE = "iRank/iRank-Info.plist";
				IPHONEOS_DEPLOYMENT_TARGET = 4.1;
				ONLY_ACTIVE_ARCH = NO;
				PRODUCT_NAME = "$(TARGET_NAME)";
				PROVISIONING_PROFILE = "E2229FB7-A272-42D7-882B-94A51C5FA9E6";
				"PROVISIONING_PROFILE[sdk=iphoneos*]" = "E2229FB7-A272-42D7-882B-94A51C5FA9E6";
				TARGETED_DEVICE_FAMILY = 1;
				VALID_ARCHS = armv7;
				WRAPPER_EXTENSION = app;
			};
			name = Debug;
		};
		DD2A07FF1447AA5A003FB740 /* Release */ = {
			isa = XCBuildConfiguration;
			buildSettings = {
				ARCHS = (
					"$(ARCHS_STANDARD_32_BIT)",
					armv6,
				);
				CODE_SIGN_IDENTITY = "iPhone Distribution: Stegun & Peria Consultoria e Desenvolvimento em Informatica";
				"CODE_SIGN_IDENTITY[sdk=iphoneos*]" = "iPhone Distribution: Stegun & Peria Consultoria e Desenvolvimento em Informatica";
				FRAMEWORK_SEARCH_PATHS = (
					"$(inherited)",
					"\"$(SRCROOT)\"",
				);
				GCC_PRECOMPILE_PREFIX_HEADER = YES;
				GCC_PREFIX_HEADER = "iRank/iRank-Prefix.pch";
				GCC_VERSION = com.apple.compilers.llvm.clang.1_0;
				INFOPLIST_FILE = "iRank/iRank-Info.plist";
				IPHONEOS_DEPLOYMENT_TARGET = 4.1;
				ONLY_ACTIVE_ARCH = NO;
				PRODUCT_NAME = "$(TARGET_NAME)";
				PROVISIONING_PROFILE = "8E048C44-1FB7-4979-8C05-CA5655DB4A99";
				"PROVISIONING_PROFILE[sdk=iphoneos*]" = "8E048C44-1FB7-4979-8C05-CA5655DB4A99";
				TARGETED_DEVICE_FAMILY = 1;
				VALID_ARCHS = armv6;
				WRAPPER_EXTENSION = app;
			};
			name = Release;
		};
/* End XCBuildConfiguration section */

/* Begin XCConfigurationList section */
		DD2A07D61447AA59003FB740 /* Build configuration list for PBXProject "iRank" */ = {
			isa = XCConfigurationList;
			buildConfigurations = (
				DD2A07FB1447AA5A003FB740 /* Debug */,
				DD2A07FC1447AA5A003FB740 /* Release */,
			);
			defaultConfigurationIsVisible = 0;
			defaultConfigurationName = Release;
		};
		DD2A07FD1447AA5A003FB740 /* Build configuration list for PBXNativeTarget "iRank" */ = {
			isa = XCConfigurationList;
			buildConfigurations = (
				DD2A07FE1447AA5A003FB740 /* Debug */,
				DD2A07FF1447AA5A003FB740 /* Release */,
			);
			defaultConfigurationIsVisible = 0;
			defaultConfigurationName = Release;
		};
/* End XCConfigurationList section */
	};
	rootObject = DD2A07D31447AA59003FB740 /* Project object */;
}
